
Microsoft Visual Studio Solution File, Format Version 12.00
# Visual Studio Version 17
VisualStudioVersion = 17.10.35027.167
MinimumVisualStudioVersion = 10.0.40219.1
Project("{9A19103F-16F7-4668-BE54-9A1E7A4F7556}") = "Day1", "Day1\Day1.csproj", "{52CC2FCE-FBA3-4F28-857E-A611F4686BA1}"
EndProject
Project("{9A19103F-16F7-4668-BE54-9A1E7A4F7556}") = "Day2", "Day2\Day2.csproj", "{19DCE347-FEAD-46ED-A145-D0FD6BC86EC8}"
EndProject
Project("{FAE04EC0-301F-11D3-BF4B-00C04F79EFBC}") = "Day3", "Day3\Day3.csproj", "{962CCB89-FE38-4CDC-8D64-79E84EFAC53F}"
EndProject
Global
	GlobalSection(SolutionConfigurationPlatforms) = preSolution
		Debug|Any CPU = Debug|Any CPU
		Release|Any CPU = Release|Any CPU
	EndGlobalSection
	GlobalSection(ProjectConfigurationPlatforms) = postSolution
		{52CC2FCE-FBA3-4F28-857E-A611F4686BA1}.Debug|Any CPU.ActiveCfg = Debug|Any CPU
		{52CC2FCE-FBA3-4F28-857E-A611F4686BA1}.Debug|Any CPU.Build.0 = Debug|Any CPU
		{52CC2FCE-FBA3-4F28-857E-A611F4686BA1}.Release|Any CPU.ActiveCfg = Release|Any CPU
		{52CC2FCE-FBA3-4F28-857E-A611F4686BA1}.Release|Any CPU.Build.0 = Release|Any CPU
		{19DCE347-FEAD-46ED-A145-D0FD6BC86EC8}.Debug|Any CPU.ActiveCfg = Debug|Any CPU
		{19DCE347-FEAD-46ED-A145-D0FD6BC86EC8}.Debug|Any CPU.Build.0 = Debug|Any CPU
		{19DCE347-FEAD-46ED-A145-D0FD6BC86EC8}.Release|Any CPU.ActiveCfg = Release|Any CPU
		{19DCE347-FEAD-46ED-A145-D0FD6BC86EC8}.Release|Any CPU.Build.0 = Release|Any CPU
		{962CCB89-FE38-4CDC-8D64-79E84EFAC53F}.Debug|Any CPU.ActiveCfg = Debug|Any CPU
		{962CCB89-FE38-4CDC-8D64-79E84EFAC53F}.Debug|Any CPU.Build.0 = Debug|Any CPU
		{962CCB89-FE38-4CDC-8D64-79E84EFAC53F}.Release|Any CPU.ActiveCfg = Release|Any CPU
		{962CCB89-FE38-4CDC-8D64-79E84EFAC53F}.Release|Any CPU.Build.0 = Release|Any CPU
	EndGlobalSection
	GlobalSection(SolutionProperties) = preSolution
		HideSolutionNode = FALSE
	EndGlobalSection
	GlobalSection(ExtensibilityGlobals) = postSolution
		SolutionGuid = {85A8D1B1-3F5C-4CE2-B4C0-BD035861AA32}
	EndGlobalSection
EndGlobal
