
Microsoft Visual Studio Solution File, Format Version 12.00
# Visual Studio Version 17
VisualStudioVersion = 17.10.35027.167
MinimumVisualStudioVersion = 10.0.40219.1
Project("{9A19103F-16F7-4668-BE54-9A1E7A4F7556}") = "Day1", "Day1\Day1.csproj", "{C7744550-C3EB-4B65-830B-42333EF3EC43}"
EndProject
Project("{9A19103F-16F7-4668-BE54-9A1E7A4F7556}") = "Day2", "Day2\Day2.csproj", "{FF7B1631-804A-4D62-B4AD-D73FDB463912}"
EndProject
Project("{FAE04EC0-301F-11D3-BF4B-00C04F79EFBC}") = "Day3", "Day3\Day3.csproj", "{517D8E06-F3EC-4E21-B7D3-FCE21AEC5043}"
EndProject
Global
	GlobalSection(SolutionConfigurationPlatforms) = preSolution
		Debug|Any CPU = Debug|Any CPU
		Release|Any CPU = Release|Any CPU
	EndGlobalSection
	GlobalSection(ProjectConfigurationPlatforms) = postSolution
		{C7744550-C3EB-4B65-830B-42333EF3EC43}.Debug|Any CPU.ActiveCfg = Debug|Any CPU
		{C7744550-C3EB-4B65-830B-42333EF3EC43}.Debug|Any CPU.Build.0 = Debug|Any CPU
		{C7744550-C3EB-4B65-830B-42333EF3EC43}.Release|Any CPU.ActiveCfg = Release|Any CPU
		{C7744550-C3EB-4B65-830B-42333EF3EC43}.Release|Any CPU.Build.0 = Release|Any CPU
		{FF7B1631-804A-4D62-B4AD-D73FDB463912}.Debug|Any CPU.ActiveCfg = Debug|Any CPU
		{FF7B1631-804A-4D62-B4AD-D73FDB463912}.Debug|Any CPU.Build.0 = Debug|Any CPU
		{FF7B1631-804A-4D62-B4AD-D73FDB463912}.Release|Any CPU.ActiveCfg = Release|Any CPU
		{FF7B1631-804A-4D62-B4AD-D73FDB463912}.Release|Any CPU.Build.0 = Release|Any CPU
		{517D8E06-F3EC-4E21-B7D3-FCE21AEC5043}.Debug|Any CPU.ActiveCfg = Debug|Any CPU
		{517D8E06-F3EC-4E21-B7D3-FCE21AEC5043}.Debug|Any CPU.Build.0 = Debug|Any CPU
		{517D8E06-F3EC-4E21-B7D3-FCE21AEC5043}.Release|Any CPU.ActiveCfg = Release|Any CPU
		{517D8E06-F3EC-4E21-B7D3-FCE21AEC5043}.Release|Any CPU.Build.0 = Release|Any CPU
	EndGlobalSection
	GlobalSection(SolutionProperties) = preSolution
		HideSolutionNode = FALSE
	EndGlobalSection
	GlobalSection(ExtensibilityGlobals) = postSolution
		SolutionGuid = {E753A35E-D1E8-4413-9D62-FB8A8A69AB36}
	EndGlobalSection
EndGlobal
